{
  "name": "test",
  "lockfileVersion": 3,
  "requires": true,
  "packages": {
    "": {
      "dependencies": {
        "@alpinejs/persist": "^3.14.7",
        "@msgpack/msgpack": "^3.0.0-beta2",
        "alpinejs": "^3.14.7",
        "simpledotcss": "^2.3.2",
        "webmidi": "^3.1.12"
      }
    },
    "node_modules/@alpinejs/persist": {
      "version": "3.14.7",
      "resolved": "https://registry.npmjs.org/@alpinejs/persist/-/persist-3.14.7.tgz",
      "integrity": "sha512-MakPAI87flMcJro2LJEbq0wcpwgQMGxK9fx1hVaSC0jLinoUfKkoK4DzF6YJmqLVWKnca5ryO3Av1sWzPftQwQ=="
    },
    "node_modules/@babel/runtime": {
      "version": "7.26.0",
      "resolved": "https://registry.npmjs.org/@babel/runtime/-/runtime-7.26.0.tgz",
      "integrity": "sha512-FDSOghenHTiToteC/QRlv2q3DhPZ/oOXTBoirfWNx1Cx3TMVcGWQtMMmQcSvb/JjpNeGzx8Pq/b4fKEJuWm1sw==",
      "dependencies": {
        "regenerator-runtime": "^0.14.0"
      },
      "engines": {
        "node": ">=6.9.0"
      }
    },
    "node_modules/@msgpack/msgpack": {
      "version": "3.0.0-beta2",
      "resolved": "https://registry.npmjs.org/@msgpack/msgpack/-/msgpack-3.0.0-beta2.tgz",
      "integrity": "sha512-y+l1PNV0XDyY8sM3YtuMLK5vE3/hkfId+Do8pLo/OPxfxuFAUwcGz3oiiUuV46/aBpwTzZ+mRWVMtlSKbradhw==",
      "engines": {
        "node": ">= 14"
      }
    },
    "node_modules/@types/webmidi": {
      "version": "2.1.0",
      "resolved": "https://registry.npmjs.org/@types/webmidi/-/webmidi-2.1.0.tgz",
      "integrity": "sha512-k898MjEUSHB+6rSeCPQk/kLgie0wgWZ2t78GlWj86HbTQ+XmtbBafYg5LNjn8bVHfItEhPGZPf579Xfc6keV6w==",
      "optional": true
    },
    "node_modules/@vue/reactivity": {
      "version": "3.1.5",
      "resolved": "https://registry.npmjs.org/@vue/reactivity/-/reactivity-3.1.5.tgz",
      "integrity": "sha512-1tdfLmNjWG6t/CsPldh+foumYFo3cpyCHgBYQ34ylaMsJ+SNHQ1kApMIa8jN+i593zQuaw3AdWH0nJTARzCFhg==",
      "dependencies": {
        "@vue/shared": "3.1.5"
      }
    },
    "node_modules/@vue/shared": {
      "version": "3.1.5",
      "resolved": "https://registry.npmjs.org/@vue/shared/-/shared-3.1.5.tgz",
      "integrity": "sha512-oJ4F3TnvpXaQwZJNF3ZK+kLPHKarDmJjJ6jyzVNDKH9md1dptjC7lWR//jrGuLdek/U6iltWxqAnYOu8gCiOvA=="
    },
    "node_modules/alpinejs": {
      "version": "3.14.7",
      "resolved": "https://registry.npmjs.org/alpinejs/-/alpinejs-3.14.7.tgz",
      "integrity": "sha512-ScnbydNBcWVnCiVupD3wWUvoMPm8244xkvDNMxVCspgmap9m4QuJ7pjc+77UtByU+1+Ejg0wzYkP4mQaOMcvng==",
      "dependencies": {
        "@vue/reactivity": "~3.1.1"
      }
    },
    "node_modules/djipevents": {
      "version": "2.0.7",
      "resolved": "https://registry.npmjs.org/djipevents/-/djipevents-2.0.7.tgz",
      "integrity": "sha512-KNFYaU85imxOCKOUsIR70Iz9E19r96/X7LSH+u0tSoZdpWcBdzoqtTsU+wuLhc6GMpSFob+KInkZAbfKi01Bjg==",
      "dependencies": {
        "@babel/runtime": "^7.20.6"
      }
    },
    "node_modules/jazz-midi": {
      "version": "1.7.9",
      "resolved": "https://registry.npmjs.org/jazz-midi/-/jazz-midi-1.7.9.tgz",
      "integrity": "sha512-c8c4BBgwxdsIr1iVm53nadCrtH7BUlnX3V95ciK/gbvXN/ndE5+POskBalXgqlc/r9p2XUbdLTrgrC6fou5p9w==",
      "optional": true,
      "engines": {
        "node": ">=10.0.0"
      }
    },
    "node_modules/jzz": {
      "version": "1.8.7",
      "resolved": "https://registry.npmjs.org/jzz/-/jzz-1.8.7.tgz",
      "integrity": "sha512-f3OU8NTSbPKG0/v+zqT5Cf8blEHhX3IJZqSveeRmGYmlDQpAnmuyxXsk9zaUsFN1xhkYmCm1mCIbtK7N8qV+ig==",
      "optional": true,
      "dependencies": {
        "@types/webmidi": "^2.1.0",
        "jazz-midi": "^1.7.9"
      }
    },
    "node_modules/regenerator-runtime": {
      "version": "0.14.1",
      "resolved": "https://registry.npmjs.org/regenerator-runtime/-/regenerator-runtime-0.14.1.tgz",
      "integrity": "sha512-dYnhHh0nJoMfnkZs6GmmhFknAGRrLznOu5nc9ML+EJxGvrx6H7teuevqVqCuPcPK//3eDrrjQhehXVx9cnkGdw=="
    },
    "node_modules/simpledotcss": {
      "version": "2.3.2",
      "resolved": "https://registry.npmjs.org/simpledotcss/-/simpledotcss-2.3.2.tgz",
      "integrity": "sha512-/LoZHX66g+DDj1HzinshbSujFKQ+VP3t9cE1+aTtKCQCXJMNWKiVRZlpXMXCamnGquQOwgeMZsAtvdZd5hdpdQ=="
    },
    "node_modules/webmidi": {
      "version": "3.1.12",
      "resolved": "https://registry.npmjs.org/webmidi/-/webmidi-3.1.12.tgz",
      "integrity": "sha512-X1lACggXm2BxuAPdx5wleh8S2kygduHbtR2ti5sGhivLkX6Muv/sLAYmPuIaNLOUddyxr71+3tsq8m5dKXoT4A==",
      "dependencies": {
        "djipevents": "^2.0.7"
      },
      "engines": {
        "node": ">=8.5"
      },
      "optionalDependencies": {
        "jzz": "^1.8.5"
      }
    }
  }
}
